Microsoft Visual Studio Solution File, Format Version 12.00
# Visual Studio Version 17
VisualStudioVersion = 17.0.31903.59
MinimumVisualStudioVersion = 10.0.40219.1
Project("{2150E333-8FDC-42A3-9474-1A3956D46DE8}") = "src", "src", "{B907B92A-5BD3-4C73-BA37-B34EFADFAEC3}"
EndProject
Project("{2150E333-8FDC-42A3-9474-1A3956D46DE8}") = "api", "api", "{4359CDF8-4522-43F6-AB88-2B7D407775C0}"
EndProject
Project("{FAE04EC0-301F-11D3-BF4B-00C04F79EFBC}") = "API", "src\api\API\API.csproj", "{F26706AD-3282-43B3-86F3-0D013384F0FF}"
EndProject
Project("{FAE04EC0-301F-11D3-BF4B-00C04F79EFBC}") = "Application", "src\api\Application\Application.csproj", "{7543D0E4-D27D-4474-AFAB-15B1DBD354AF}"
EndProject
Project("{FAE04EC0-301F-11D3-BF4B-00C04F79EFBC}") = "Infrastructure", "src\api\Infrastructure\Infrastructure.csproj", "{A1B87B0A-6E24-4B60-9FAB-390F4FED5280}"
EndProject
Project("{FAE04EC0-301F-11D3-BF4B-00C04F79EFBC}") = "Domain", "src\api\Domain\Domain.csproj", "{273CADEF-EF42-406F-8F72-FFA5623485B8}"
EndProject
Project("{2150E333-8FDC-42A3-9474-1A3956D46DE8}") = "common", "common", "{B3F35F11-F040-4898-95AE-C73EFE25DF77}"
EndProject
Project("{FAE04EC0-301F-11D3-BF4B-00C04F79EFBC}") = "BuildingBlocks", "src\common\BuildingBlocks\BuildingBlocks.csproj", "{460F38C0-4008-44D4-8C4E-3FF691F996E2}"
EndProject
Project("{2150E333-8FDC-42A3-9474-1A3956D46DE8}") = "bridge-sdk", "bridge-sdk", "{AA15B952-D2CA-404B-94C9-2C167C58479A}"
EndProject
Project("{2150E333-8FDC-42A3-9474-1A3956D46DE8}") = "Radix", "Radix", "{9F85D13F-A6FB-4637-89E8-9F939E1DEA28}"
EndProject
Project("{FAE04EC0-301F-11D3-BF4B-00C04F79EFBC}") = "RadixBridge", "src\bridge-sdk\Radix\RadixBridge\RadixBridge.csproj", "{1E5ABE93-DF1C-4757-BAE3-666F30D2B57F}"
EndProject
Project("{FAE04EC0-301F-11D3-BF4B-00C04F79EFBC}") = "RadixBridgeTest", "src\bridge-sdk\Radix\RadixBridgeTest\RadixBridgeTest.csproj", "{6204164F-6461-45D0-9C10-E6A6332FB764}"
EndProject
Project("{2150E333-8FDC-42A3-9474-1A3956D46DE8}") = "Solana", "Solana", "{E583547C-ACF3-415F-AE59-BD49B611CADF}"
EndProject
Project("{FAE04EC0-301F-11D3-BF4B-00C04F79EFBC}") = "SolanaBridge", "src\bridge-sdk\Solana\SolanaBridge\SolanaBridge.csproj", "{87009F82-FED2-49D1-AC06-98CFEB2FF013}"
EndProject
Project("{FAE04EC0-301F-11D3-BF4B-00C04F79EFBC}") = "SolanaBridgeTest", "src\bridge-sdk\Solana\SolanaBridgeTest\SolanaBridgeTest.csproj", "{46ABD80B-1600-475A-B0E9-801055E73F62}"
EndProject
Project("{FAE04EC0-301F-11D3-BF4B-00C04F79EFBC}") = "Common", "src\bridge-sdk\Common\Common.csproj", "{0B35468A-E28D-4180-A9A9-06AB0E2CFF3C}"
EndProject
Project("{FAE04EC0-301F-11D3-BF4B-00C04F79EFBC}") = "FileStorage", "src\bridge-sdk\FileStorage\FileStorage.csproj", "{E7363F33-119C-4791-91CC-8C42B5C5B869}"
EndProject
Project("{2150E333-8FDC-42A3-9474-1A3956D46DE8}") = "tests", "tests", "{7A08256A-294D-477D-987B-82C5BB4D91FF}"
EndProject
Project("{FAE04EC0-301F-11D3-BF4B-00C04F79EFBC}") = "FileStorage.IntegrationTests", "tests\FileStorage.IntegrationTests\FileStorage.IntegrationTests.csproj", "{6D172F71-F740-4CF9-8FE7-6B32A5FCAFB6}"
EndProject
Project("{FAE04EC0-301F-11D3-BF4B-00C04F79EFBC}") = "db-migrator", "src\db-migrator\db-migrator.csproj", "{1D553E78-3E00-4027-99D4-B1BFF5B95609}"
EndProject
Global
	GlobalSection(SolutionConfigurationPlatforms) = preSolution
		Debug|Any CPU = Debug|Any CPU
		Debug|x64 = Debug|x64
		Debug|x86 = Debug|x86
		Release|Any CPU = Release|Any CPU
		Release|x64 = Release|x64
		Release|x86 = Release|x86
	EndGlobalSection
	GlobalSection(ProjectConfigurationPlatforms) = postSolution
		{F26706AD-3282-43B3-86F3-0D013384F0FF}.Debug|Any CPU.ActiveCfg = Debug|Any CPU
		{F26706AD-3282-43B3-86F3-0D013384F0FF}.Debug|Any CPU.Build.0 = Debug|Any CPU
		{F26706AD-3282-43B3-86F3-0D013384F0FF}.Debug|x64.ActiveCfg = Debug|Any CPU
		{F26706AD-3282-43B3-86F3-0D013384F0FF}.Debug|x64.Build.0 = Debug|Any CPU
		{F26706AD-3282-43B3-86F3-0D013384F0FF}.Debug|x86.ActiveCfg = Debug|Any CPU
		{F26706AD-3282-43B3-86F3-0D013384F0FF}.Debug|x86.Build.0 = Debug|Any CPU
		{F26706AD-3282-43B3-86F3-0D013384F0FF}.Release|Any CPU.ActiveCfg = Release|Any CPU
		{F26706AD-3282-43B3-86F3-0D013384F0FF}.Release|Any CPU.Build.0 = Release|Any CPU
		{F26706AD-3282-43B3-86F3-0D013384F0FF}.Release|x64.ActiveCfg = Release|Any CPU
		{F26706AD-3282-43B3-86F3-0D013384F0FF}.Release|x64.Build.0 = Release|Any CPU
		{F26706AD-3282-43B3-86F3-0D013384F0FF}.Release|x86.ActiveCfg = Release|Any CPU
		{F26706AD-3282-43B3-86F3-0D013384F0FF}.Release|x86.Build.0 = Release|Any CPU
		{7543D0E4-D27D-4474-AFAB-15B1DBD354AF}.Debug|Any CPU.ActiveCfg = Debug|Any CPU
		{7543D0E4-D27D-4474-AFAB-15B1DBD354AF}.Debug|Any CPU.Build.0 = Debug|Any CPU
		{7543D0E4-D27D-4474-AFAB-15B1DBD354AF}.Debug|x64.ActiveCfg = Debug|Any CPU
		{7543D0E4-D27D-4474-AFAB-15B1DBD354AF}.Debug|x64.Build.0 = Debug|Any CPU
		{7543D0E4-D27D-4474-AFAB-15B1DBD354AF}.Debug|x86.ActiveCfg = Debug|Any CPU
		{7543D0E4-D27D-4474-AFAB-15B1DBD354AF}.Debug|x86.Build.0 = Debug|Any CPU
		{7543D0E4-D27D-4474-AFAB-15B1DBD354AF}.Release|Any CPU.ActiveCfg = Release|Any CPU
		{7543D0E4-D27D-4474-AFAB-15B1DBD354AF}.Release|Any CPU.Build.0 = Release|Any CPU
		{7543D0E4-D27D-4474-AFAB-15B1DBD354AF}.Release|x64.ActiveCfg = Release|Any CPU
		{7543D0E4-D27D-4474-AFAB-15B1DBD354AF}.Release|x64.Build.0 = Release|Any CPU
		{7543D0E4-D27D-4474-AFAB-15B1DBD354AF}.Release|x86.ActiveCfg = Release|Any CPU
		{7543D0E4-D27D-4474-AFAB-15B1DBD354AF}.Release|x86.Build.0 = Release|Any CPU
		{A1B87B0A-6E24-4B60-9FAB-390F4FED5280}.Debug|Any CPU.ActiveCfg = Debug|Any CPU
		{A1B87B0A-6E24-4B60-9FAB-390F4FED5280}.Debug|Any CPU.Build.0 = Debug|Any CPU
		{A1B87B0A-6E24-4B60-9FAB-390F4FED5280}.Debug|x64.ActiveCfg = Debug|Any CPU
		{A1B87B0A-6E24-4B60-9FAB-390F4FED5280}.Debug|x64.Build.0 = Debug|Any CPU
		{A1B87B0A-6E24-4B60-9FAB-390F4FED5280}.Debug|x86.ActiveCfg = Debug|Any CPU
		{A1B87B0A-6E24-4B60-9FAB-390F4FED5280}.Debug|x86.Build.0 = Debug|Any CPU
		{A1B87B0A-6E24-4B60-9FAB-390F4FED5280}.Release|Any CPU.ActiveCfg = Release|Any CPU
		{A1B87B0A-6E24-4B60-9FAB-390F4FED5280}.Release|Any CPU.Build.0 = Release|Any CPU
		{A1B87B0A-6E24-4B60-9FAB-390F4FED5280}.Release|x64.ActiveCfg = Release|Any CPU
		{A1B87B0A-6E24-4B60-9FAB-390F4FED5280}.Release|x64.Build.0 = Release|Any CPU
		{A1B87B0A-6E24-4B60-9FAB-390F4FED5280}.Release|x86.ActiveCfg = Release|Any CPU
		{A1B87B0A-6E24-4B60-9FAB-390F4FED5280}.Release|x86.Build.0 = Release|Any CPU
		{273CADEF-EF42-406F-8F72-FFA5623485B8}.Debug|Any CPU.ActiveCfg = Debug|Any CPU
		{273CADEF-EF42-406F-8F72-FFA5623485B8}.Debug|Any CPU.Build.0 = Debug|Any CPU
		{273CADEF-EF42-406F-8F72-FFA5623485B8}.Debug|x64.ActiveCfg = Debug|Any CPU
		{273CADEF-EF42-406F-8F72-FFA5623485B8}.Debug|x64.Build.0 = Debug|Any CPU
		{273CADEF-EF42-406F-8F72-FFA5623485B8}.Debug|x86.ActiveCfg = Debug|Any CPU
		{273CADEF-EF42-406F-8F72-FFA5623485B8}.Debug|x86.Build.0 = Debug|Any CPU
		{273CADEF-EF42-406F-8F72-FFA5623485B8}.Release|Any CPU.ActiveCfg = Release|Any CPU
		{273CADEF-EF42-406F-8F72-FFA5623485B8}.Release|Any CPU.Build.0 = Release|Any CPU
		{273CADEF-EF42-406F-8F72-FFA5623485B8}.Release|x64.ActiveCfg = Release|Any CPU
		{273CADEF-EF42-406F-8F72-FFA5623485B8}.Release|x64.Build.0 = Release|Any CPU
		{273CADEF-EF42-406F-8F72-FFA5623485B8}.Release|x86.ActiveCfg = Release|Any CPU
		{273CADEF-EF42-406F-8F72-FFA5623485B8}.Release|x86.Build.0 = Release|Any CPU
		{460F38C0-4008-44D4-8C4E-3FF691F996E2}.Debug|Any CPU.ActiveCfg = Debug|Any CPU
		{460F38C0-4008-44D4-8C4E-3FF691F996E2}.Debug|Any CPU.Build.0 = Debug|Any CPU
		{460F38C0-4008-44D4-8C4E-3FF691F996E2}.Debug|x64.ActiveCfg = Debug|Any CPU
		{460F38C0-4008-44D4-8C4E-3FF691F996E2}.Debug|x64.Build.0 = Debug|Any CPU
		{460F38C0-4008-44D4-8C4E-3FF691F996E2}.Debug|x86.ActiveCfg = Debug|Any CPU
		{460F38C0-4008-44D4-8C4E-3FF691F996E2}.Debug|x86.Build.0 = Debug|Any CPU
		{460F38C0-4008-44D4-8C4E-3FF691F996E2}.Release|Any CPU.ActiveCfg = Release|Any CPU
		{460F38C0-4008-44D4-8C4E-3FF691F996E2}.Release|Any CPU.Build.0 = Release|Any CPU
		{460F38C0-4008-44D4-8C4E-3FF691F996E2}.Release|x64.ActiveCfg = Release|Any CPU
		{460F38C0-4008-44D4-8C4E-3FF691F996E2}.Release|x64.Build.0 = Release|Any CPU
		{460F38C0-4008-44D4-8C4E-3FF691F996E2}.Release|x86.ActiveCfg = Release|Any CPU
		{460F38C0-4008-44D4-8C4E-3FF691F996E2}.Release|x86.Build.0 = Release|Any CPU
		{1E5ABE93-DF1C-4757-BAE3-666F30D2B57F}.Debug|Any CPU.ActiveCfg = Debug|Any CPU
		{1E5ABE93-DF1C-4757-BAE3-666F30D2B57F}.Debug|Any CPU.Build.0 = Debug|Any CPU
		{1E5ABE93-DF1C-4757-BAE3-666F30D2B57F}.Debug|x64.ActiveCfg = Debug|Any CPU
		{1E5ABE93-DF1C-4757-BAE3-666F30D2B57F}.Debug|x64.Build.0 = Debug|Any CPU
		{1E5ABE93-DF1C-4757-BAE3-666F30D2B57F}.Debug|x86.ActiveCfg = Debug|Any CPU
		{1E5ABE93-DF1C-4757-BAE3-666F30D2B57F}.Debug|x86.Build.0 = Debug|Any CPU
		{1E5ABE93-DF1C-4757-BAE3-666F30D2B57F}.Release|Any CPU.ActiveCfg = Release|Any CPU
		{1E5ABE93-DF1C-4757-BAE3-666F30D2B57F}.Release|Any CPU.Build.0 = Release|Any CPU
		{1E5ABE93-DF1C-4757-BAE3-666F30D2B57F}.Release|x64.ActiveCfg = Release|Any CPU
		{1E5ABE93-DF1C-4757-BAE3-666F30D2B57F}.Release|x64.Build.0 = Release|Any CPU
		{1E5ABE93-DF1C-4757-BAE3-666F30D2B57F}.Release|x86.ActiveCfg = Release|Any CPU
		{1E5ABE93-DF1C-4757-BAE3-666F30D2B57F}.Release|x86.Build.0 = Release|Any CPU
		{6204164F-6461-45D0-9C10-E6A6332FB764}.Debug|Any CPU.ActiveCfg = Debug|Any CPU
		{6204164F-6461-45D0-9C10-E6A6332FB764}.Debug|Any CPU.Build.0 = Debug|Any CPU
		{6204164F-6461-45D0-9C10-E6A6332FB764}.Debug|x64.ActiveCfg = Debug|Any CPU
		{6204164F-6461-45D0-9C10-E6A6332FB764}.Debug|x64.Build.0 = Debug|Any CPU
		{6204164F-6461-45D0-9C10-E6A6332FB764}.Debug|x86.ActiveCfg = Debug|Any CPU
		{6204164F-6461-45D0-9C10-E6A6332FB764}.Debug|x86.Build.0 = Debug|Any CPU
		{6204164F-6461-45D0-9C10-E6A6332FB764}.Release|Any CPU.ActiveCfg = Release|Any CPU
		{6204164F-6461-45D0-9C10-E6A6332FB764}.Release|Any CPU.Build.0 = Release|Any CPU
		{6204164F-6461-45D0-9C10-E6A6332FB764}.Release|x64.ActiveCfg = Release|Any CPU
		{6204164F-6461-45D0-9C10-E6A6332FB764}.Release|x64.Build.0 = Release|Any CPU
		{6204164F-6461-45D0-9C10-E6A6332FB764}.Release|x86.ActiveCfg = Release|Any CPU
		{6204164F-6461-45D0-9C10-E6A6332FB764}.Release|x86.Build.0 = Release|Any CPU
		{87009F82-FED2-49D1-AC06-98CFEB2FF013}.Debug|Any CPU.ActiveCfg = Debug|Any CPU
		{87009F82-FED2-49D1-AC06-98CFEB2FF013}.Debug|Any CPU.Build.0 = Debug|Any CPU
		{87009F82-FED2-49D1-AC06-98CFEB2FF013}.Debug|x64.ActiveCfg = Debug|Any CPU
		{87009F82-FED2-49D1-AC06-98CFEB2FF013}.Debug|x64.Build.0 = Debug|Any CPU
		{87009F82-FED2-49D1-AC06-98CFEB2FF013}.Debug|x86.ActiveCfg = Debug|Any CPU
		{87009F82-FED2-49D1-AC06-98CFEB2FF013}.Debug|x86.Build.0 = Debug|Any CPU
		{87009F82-FED2-49D1-AC06-98CFEB2FF013}.Release|Any CPU.ActiveCfg = Release|Any CPU
		{87009F82-FED2-49D1-AC06-98CFEB2FF013}.Release|Any CPU.Build.0 = Release|Any CPU
		{87009F82-FED2-49D1-AC06-98CFEB2FF013}.Release|x64.ActiveCfg = Release|Any CPU
		{87009F82-FED2-49D1-AC06-98CFEB2FF013}.Release|x64.Build.0 = Release|Any CPU
		{87009F82-FED2-49D1-AC06-98CFEB2FF013}.Release|x86.ActiveCfg = Release|Any CPU
		{87009F82-FED2-49D1-AC06-98CFEB2FF013}.Release|x86.Build.0 = Release|Any CPU
		{46ABD80B-1600-475A-B0E9-801055E73F62}.Debug|Any CPU.ActiveCfg = Debug|Any CPU
		{46ABD80B-1600-475A-B0E9-801055E73F62}.Debug|Any CPU.Build.0 = Debug|Any CPU
		{46ABD80B-1600-475A-B0E9-801055E73F62}.Debug|x64.ActiveCfg = Debug|Any CPU
		{46ABD80B-1600-475A-B0E9-801055E73F62}.Debug|x64.Build.0 = Debug|Any CPU
		{46ABD80B-1600-475A-B0E9-801055E73F62}.Debug|x86.ActiveCfg = Debug|Any CPU
		{46ABD80B-1600-475A-B0E9-801055E73F62}.Debug|x86.Build.0 = Debug|Any CPU
		{46ABD80B-1600-475A-B0E9-801055E73F62}.Release|Any CPU.ActiveCfg = Release|Any CPU
		{46ABD80B-1600-475A-B0E9-801055E73F62}.Release|Any CPU.Build.0 = Release|Any CPU
		{46ABD80B-1600-475A-B0E9-801055E73F62}.Release|x64.ActiveCfg = Release|Any CPU
		{46ABD80B-1600-475A-B0E9-801055E73F62}.Release|x64.Build.0 = Release|Any CPU
		{46ABD80B-1600-475A-B0E9-801055E73F62}.Release|x86.ActiveCfg = Release|Any CPU
		{46ABD80B-1600-475A-B0E9-801055E73F62}.Release|x86.Build.0 = Release|Any CPU
		{0B35468A-E28D-4180-A9A9-06AB0E2CFF3C}.Debug|Any CPU.ActiveCfg = Debug|Any CPU
		{0B35468A-E28D-4180-A9A9-06AB0E2CFF3C}.Debug|Any CPU.Build.0 = Debug|Any CPU
		{0B35468A-E28D-4180-A9A9-06AB0E2CFF3C}.Debug|x64.ActiveCfg = Debug|Any CPU
		{0B35468A-E28D-4180-A9A9-06AB0E2CFF3C}.Debug|x64.Build.0 = Debug|Any CPU
		{0B35468A-E28D-4180-A9A9-06AB0E2CFF3C}.Debug|x86.ActiveCfg = Debug|Any CPU
		{0B35468A-E28D-4180-A9A9-06AB0E2CFF3C}.Debug|x86.Build.0 = Debug|Any CPU
		{0B35468A-E28D-4180-A9A9-06AB0E2CFF3C}.Release|Any CPU.ActiveCfg = Release|Any CPU
		{0B35468A-E28D-4180-A9A9-06AB0E2CFF3C}.Release|Any CPU.Build.0 = Release|Any CPU
		{0B35468A-E28D-4180-A9A9-06AB0E2CFF3C}.Release|x64.ActiveCfg = Release|Any CPU
		{0B35468A-E28D-4180-A9A9-06AB0E2CFF3C}.Release|x64.Build.0 = Release|Any CPU
		{0B35468A-E28D-4180-A9A9-06AB0E2CFF3C}.Release|x86.ActiveCfg = Release|Any CPU
		{0B35468A-E28D-4180-A9A9-06AB0E2CFF3C}.Release|x86.Build.0 = Release|Any CPU
		{E7363F33-119C-4791-91CC-8C42B5C5B869}.Debug|Any CPU.ActiveCfg = Debug|Any CPU
		{E7363F33-119C-4791-91CC-8C42B5C5B869}.Debug|Any CPU.Build.0 = Debug|Any CPU
		{E7363F33-119C-4791-91CC-8C42B5C5B869}.Debug|x64.ActiveCfg = Debug|Any CPU
		{E7363F33-119C-4791-91CC-8C42B5C5B869}.Debug|x64.Build.0 = Debug|Any CPU
		{E7363F33-119C-4791-91CC-8C42B5C5B869}.Debug|x86.ActiveCfg = Debug|Any CPU
		{E7363F33-119C-4791-91CC-8C42B5C5B869}.Debug|x86.Build.0 = Debug|Any CPU
		{E7363F33-119C-4791-91CC-8C42B5C5B869}.Release|Any CPU.ActiveCfg = Release|Any CPU
		{E7363F33-119C-4791-91CC-8C42B5C5B869}.Release|Any CPU.Build.0 = Release|Any CPU
		{E7363F33-119C-4791-91CC-8C42B5C5B869}.Release|x64.ActiveCfg = Release|Any CPU
		{E7363F33-119C-4791-91CC-8C42B5C5B869}.Release|x64.Build.0 = Release|Any CPU
		{E7363F33-119C-4791-91CC-8C42B5C5B869}.Release|x86.ActiveCfg = Release|Any CPU
		{E7363F33-119C-4791-91CC-8C42B5C5B869}.Release|x86.Build.0 = Release|Any CPU
		{6D172F71-F740-4CF9-8FE7-6B32A5FCAFB6}.Debug|Any CPU.ActiveCfg = Debug|Any CPU
		{6D172F71-F740-4CF9-8FE7-6B32A5FCAFB6}.Debug|Any CPU.Build.0 = Debug|Any CPU
		{6D172F71-F740-4CF9-8FE7-6B32A5FCAFB6}.Debug|x64.ActiveCfg = Debug|Any CPU
		{6D172F71-F740-4CF9-8FE7-6B32A5FCAFB6}.Debug|x64.Build.0 = Debug|Any CPU
		{6D172F71-F740-4CF9-8FE7-6B32A5FCAFB6}.Debug|x86.ActiveCfg = Debug|Any CPU
		{6D172F71-F740-4CF9-8FE7-6B32A5FCAFB6}.Debug|x86.Build.0 = Debug|Any CPU
		{6D172F71-F740-4CF9-8FE7-6B32A5FCAFB6}.Release|Any CPU.ActiveCfg = Release|Any CPU
		{6D172F71-F740-4CF9-8FE7-6B32A5FCAFB6}.Release|Any CPU.Build.0 = Release|Any CPU
		{6D172F71-F740-4CF9-8FE7-6B32A5FCAFB6}.Release|x64.ActiveCfg = Release|Any CPU
		{6D172F71-F740-4CF9-8FE7-6B32A5FCAFB6}.Release|x64.Build.0 = Release|Any CPU
		{6D172F71-F740-4CF9-8FE7-6B32A5FCAFB6}.Release|x86.ActiveCfg = Release|Any CPU
		{6D172F71-F740-4CF9-8FE7-6B32A5FCAFB6}.Release|x86.Build.0 = Release|Any CPU
		{1D553E78-3E00-4027-99D4-B1BFF5B95609}.Debug|Any CPU.ActiveCfg = Debug|Any CPU
		{1D553E78-3E00-4027-99D4-B1BFF5B95609}.Debug|Any CPU.Build.0 = Debug|Any CPU
		{1D553E78-3E00-4027-99D4-B1BFF5B95609}.Debug|x64.ActiveCfg = Debug|Any CPU
		{1D553E78-3E00-4027-99D4-B1BFF5B95609}.Debug|x64.Build.0 = Debug|Any CPU
		{1D553E78-3E00-4027-99D4-B1BFF5B95609}.Debug|x86.ActiveCfg = Debug|Any CPU
		{1D553E78-3E00-4027-99D4-B1BFF5B95609}.Debug|x86.Build.0 = Debug|Any CPU
		{1D553E78-3E00-4027-99D4-B1BFF5B95609}.Release|Any CPU.ActiveCfg = Release|Any CPU
		{1D553E78-3E00-4027-99D4-B1BFF5B95609}.Release|Any CPU.Build.0 = Release|Any CPU
		{1D553E78-3E00-4027-99D4-B1BFF5B95609}.Release|x64.ActiveCfg = Release|Any CPU
		{1D553E78-3E00-4027-99D4-B1BFF5B95609}.Release|x64.Build.0 = Release|Any CPU
		{1D553E78-3E00-4027-99D4-B1BFF5B95609}.Release|x86.ActiveCfg = Release|Any CPU
		{1D553E78-3E00-4027-99D4-B1BFF5B95609}.Release|x86.Build.0 = Release|Any CPU
	EndGlobalSection
	GlobalSection(SolutionProperties) = preSolution
		HideSolutionNode = FALSE
	EndGlobalSection
	GlobalSection(NestedProjects) = preSolution
		{4359CDF8-4522-43F6-AB88-2B7D407775C0} = {B907B92A-5BD3-4C73-BA37-B34EFADFAEC3}
		{F26706AD-3282-43B3-86F3-0D013384F0FF} = {4359CDF8-4522-43F6-AB88-2B7D407775C0}
		{7543D0E4-D27D-4474-AFAB-15B1DBD354AF} = {4359CDF8-4522-43F6-AB88-2B7D407775C0}
		{A1B87B0A-6E24-4B60-9FAB-390F4FED5280} = {4359CDF8-4522-43F6-AB88-2B7D407775C0}
		{273CADEF-EF42-406F-8F72-FFA5623485B8} = {4359CDF8-4522-43F6-AB88-2B7D407775C0}
		{B3F35F11-F040-4898-95AE-C73EFE25DF77} = {B907B92A-5BD3-4C73-BA37-B34EFADFAEC3}
		{460F38C0-4008-44D4-8C4E-3FF691F996E2} = {B3F35F11-F040-4898-95AE-C73EFE25DF77}
		{AA15B952-D2CA-404B-94C9-2C167C58479A} = {B907B92A-5BD3-4C73-BA37-B34EFADFAEC3}
		{9F85D13F-A6FB-4637-89E8-9F939E1DEA28} = {AA15B952-D2CA-404B-94C9-2C167C58479A}
		{1E5ABE93-DF1C-4757-BAE3-666F30D2B57F} = {9F85D13F-A6FB-4637-89E8-9F939E1DEA28}
		{6204164F-6461-45D0-9C10-E6A6332FB764} = {9F85D13F-A6FB-4637-89E8-9F939E1DEA28}
		{E583547C-ACF3-415F-AE59-BD49B611CADF} = {AA15B952-D2CA-404B-94C9-2C167C58479A}
		{87009F82-FED2-49D1-AC06-98CFEB2FF013} = {E583547C-ACF3-415F-AE59-BD49B611CADF}
		{46ABD80B-1600-475A-B0E9-801055E73F62} = {E583547C-ACF3-415F-AE59-BD49B611CADF}
		{0B35468A-E28D-4180-A9A9-06AB0E2CFF3C} = {AA15B952-D2CA-404B-94C9-2C167C58479A}
		{E7363F33-119C-4791-91CC-8C42B5C5B869} = {AA15B952-D2CA-404B-94C9-2C167C58479A}
		{6D172F71-F740-4CF9-8FE7-6B32A5FCAFB6} = {7A08256A-294D-477D-987B-82C5BB4D91FF}
		{1D553E78-3E00-4027-99D4-B1BFF5B95609} = {B907B92A-5BD3-4C73-BA37-B34EFADFAEC3}
	EndGlobalSection
EndGlobal
